
Microsoft Visual Studio Solution File, Format Version 12.00
# Visual Studio Version 17
VisualStudioVersion = 17.0.31903.59
MinimumVisualStudioVersion = 10.0.40219.1
Project("{2150E333-8FDC-42A3-9474-1A3956D46DE8}") = "src", "src", "{9A2DC71A-B0DC-4A35-899D-34A901942E8F}"
EndProject
Project("{FAE04EC0-301F-11D3-BF4B-00C04F79EFBC}") = "AuctionService", "src\AuctionService\AuctionService.csproj", "{F790EAF6-2C58-4290-A810-3E70B5A0A8F3}"
EndProject
Project("{FAE04EC0-301F-11D3-BF4B-00C04F79EFBC}") = "SearchService", "src\SearchService\SearchService.csproj", "{BBED95D3-97D4-4E4E-82F4-6A24470DCA8E}"
EndProject
Project("{FAE04EC0-301F-11D3-BF4B-00C04F79EFBC}") = "Contracts", "src\Contracts\Contracts.csproj", "{1D2D824C-684B-4410-9556-2E0C804D793D}"
EndProject
Project("{FAE04EC0-301F-11D3-BF4B-00C04F79EFBC}") = "IdentityService", "src\IdentityService\IdentityService.csproj", "{5695718D-32E5-44C5-AD58-946D1FADF600}"
EndProject
Global
	GlobalSection(SolutionConfigurationPlatforms) = preSolution
		Debug|Any CPU = Debug|Any CPU
		Release|Any CPU = Release|Any CPU
	EndGlobalSection
	GlobalSection(SolutionProperties) = preSolution
		HideSolutionNode = FALSE
	EndGlobalSection
	GlobalSection(ProjectConfigurationPlatforms) = postSolution
		{F790EAF6-2C58-4290-A810-3E70B5A0A8F3}.Debug|Any CPU.ActiveCfg = Debug|Any CPU
		{F790EAF6-2C58-4290-A810-3E70B5A0A8F3}.Debug|Any CPU.Build.0 = Debug|Any CPU
		{F790EAF6-2C58-4290-A810-3E70B5A0A8F3}.Release|Any CPU.ActiveCfg = Release|Any CPU
		{F790EAF6-2C58-4290-A810-3E70B5A0A8F3}.Release|Any CPU.Build.0 = Release|Any CPU
		{BBED95D3-97D4-4E4E-82F4-6A24470DCA8E}.Debug|Any CPU.ActiveCfg = Debug|Any CPU
		{BBED95D3-97D4-4E4E-82F4-6A24470DCA8E}.Debug|Any CPU.Build.0 = Debug|Any CPU
		{BBED95D3-97D4-4E4E-82F4-6A24470DCA8E}.Release|Any CPU.ActiveCfg = Release|Any CPU
		{BBED95D3-97D4-4E4E-82F4-6A24470DCA8E}.Release|Any CPU.Build.0 = Release|Any CPU
		{1D2D824C-684B-4410-9556-2E0C804D793D}.Debug|Any CPU.ActiveCfg = Debug|Any CPU
		{1D2D824C-684B-4410-9556-2E0C804D793D}.Debug|Any CPU.Build.0 = Debug|Any CPU
		{1D2D824C-684B-4410-9556-2E0C804D793D}.Release|Any CPU.ActiveCfg = Release|Any CPU
		{1D2D824C-684B-4410-9556-2E0C804D793D}.Release|Any CPU.Build.0 = Release|Any CPU
		{5695718D-32E5-44C5-AD58-946D1FADF600}.Debug|Any CPU.ActiveCfg = Debug|Any CPU
		{5695718D-32E5-44C5-AD58-946D1FADF600}.Debug|Any CPU.Build.0 = Debug|Any CPU
		{5695718D-32E5-44C5-AD58-946D1FADF600}.Release|Any CPU.ActiveCfg = Release|Any CPU
		{5695718D-32E5-44C5-AD58-946D1FADF600}.Release|Any CPU.Build.0 = Release|Any CPU
	EndGlobalSection
	GlobalSection(NestedProjects) = preSolution
		{F790EAF6-2C58-4290-A810-3E70B5A0A8F3} = {9A2DC71A-B0DC-4A35-899D-34A901942E8F}
		{BBED95D3-97D4-4E4E-82F4-6A24470DCA8E} = {9A2DC71A-B0DC-4A35-899D-34A901942E8F}
		{1D2D824C-684B-4410-9556-2E0C804D793D} = {9A2DC71A-B0DC-4A35-899D-34A901942E8F}
		{5695718D-32E5-44C5-AD58-946D1FADF600} = {9A2DC71A-B0DC-4A35-899D-34A901942E8F}
	EndGlobalSection
EndGlobal
